// !$*UTF8*$!
{
	archiveVersion = 1;
	classes = {
	};
	objectVersion = 50;
	objects = {

/* Begin PBXBuildFile section */
		B149FD3D25ACF33600C79FAC /* MemorizeApp.swift in Sources */ = {isa = PBXBuildFile; fileRef = B149FD3C25ACF33600C79FAC /* MemorizeApp.swift */; };
		B149FD3F25ACF33600C79FAC /* EmojiMemoryGameView.swift in Sources */ = {isa = PBXBuildFile; fileRef = B149FD3E25ACF33600C79FAC /* EmojiMemoryGameView.swift */; };
		B149FD4125ACF33C00C79FAC /* Assets.xcassets in Resources */ = {isa = PBXBuildFile; fileRef = B149FD4025ACF33C00C79FAC /* Assets.xcassets */; };
		B149FD4425ACF33C00C79FAC /* Preview Assets.xcassets in Resources */ = {isa = PBXBuildFile; fileRef = B149FD4325ACF33C00C79FAC /* Preview Assets.xcassets */; };
		B14AC89725B4ABA700C3B9D9 /* Grid.swift in Sources */ = {isa = PBXBuildFile; fileRef = B14AC89625B4ABA600C3B9D9 /* Grid.swift */; };
		B14AC89A25B4B13B00C3B9D9 /* GridLayout.swift in Sources */ = {isa = PBXBuildFile; fileRef = B14AC89925B4B13B00C3B9D9 /* GridLayout.swift */; };
		B14AC89D25B4B5F700C3B9D9 /* Array+Identifiable.swift in Sources */ = {isa = PBXBuildFile; fileRef = B14AC89C25B4B5F700C3B9D9 /* Array+Identifiable.swift */; };
		B14AC8A025B4C5E000C3B9D9 /* Array+Only.swift in Sources */ = {isa = PBXBuildFile; fileRef = B14AC89F25B4C5E000C3B9D9 /* Array+Only.swift */; };
		B1F1B26B25AE172900B77CF4 /* MemoryGame.swift in Sources */ = {isa = PBXBuildFile; fileRef = B1F1B26A25AE172900B77CF4 /* MemoryGame.swift */; };
		B1F1B26E25AE18B900B77CF4 /* EmojiMemoryGame.swift in Sources */ = {isa = PBXBuildFile; fileRef = B1F1B26D25AE18B900B77CF4 /* EmojiMemoryGame.swift */; };
/* End PBXBuildFile section */

/* Begin PBXFileReference section */
		B149FD3925ACF33600C79FAC /* Memorize.app */ = {isa = PBXFileReference; explicitFileType = wrapper.application; includeInIndex = 0; path = Memorize.app; sourceTree = BUILT_PRODUCTS_DIR; };
		B149FD3C25ACF33600C79FAC /* MemorizeApp.swift */ = {isa = PBXFileReference; lastKnownFileType = sourcecode.swift; path = MemorizeApp.swift; sourceTree = "<group>"; };
		B149FD3E25ACF33600C79FAC /* EmojiMemoryGameView.swift */ = {isa = PBXFileReference; lastKnownFileType = sourcecode.swift; path = EmojiMemoryGameView.swift; sourceTree = "<group>"; };
		B149FD4025ACF33C00C79FAC /* Assets.xcassets */ = {isa = PBXFileReference; lastKnownFileType = folder.assetcatalog; path = Assets.xcassets; sourceTree = "<group>"; };
		B149FD4325ACF33C00C79FAC /* Preview Assets.xcassets */ = {isa = PBXFileReference; lastKnownFileType = folder.assetcatalog; path = "Preview Assets.xcassets"; sourceTree = "<group>"; };
		B149FD4525ACF33C00C79FAC /* Info.plist */ = {isa = PBXFileReference; lastKnownFileType = text.plist.xml; path = Info.plist; sourceTree = "<group>"; };
		B14AC89625B4ABA600C3B9D9 /* Grid.swift */ = {isa = PBXFileReference; lastKnownFileType = sourcecode.swift; path = Grid.swift; sourceTree = "<group>"; };
		B14AC89925B4B13B00C3B9D9 /* GridLayout.swift */ = {isa = PBXFileReference; fileEncoding = 4; lastKnownFileType = sourcecode.swift; path = GridLayout.swift; sourceTree = "<group>"; };
		B14AC89C25B4B5F700C3B9D9 /* Array+Identifiable.swift */ = {isa = PBXFileReference; lastKnownFileType = sourcecode.swift; path = "Array+Identifiable.swift"; sourceTree = "<group>"; };
		B14AC89F25B4C5E000C3B9D9 /* Array+Only.swift */ = {isa = PBXFileReference; lastKnownFileType = sourcecode.swift; path = "Array+Only.swift"; sourceTree = "<group>"; };
		B1F1B26A25AE172900B77CF4 /* MemoryGame.swift */ = {isa = PBXFileReference; lastKnownFileType = sourcecode.swift; path = MemoryGame.swift; sourceTree = "<group>"; };
		B1F1B26D25AE18B900B77CF4 /* EmojiMemoryGame.swift */ = {isa = PBXFileReference; lastKnownFileType = sourcecode.swift; path = EmojiMemoryGame.swift; sourceTree = "<group>"; };
/* End PBXFileReference section */

/* Begin PBXFrameworksBuildPhase section */
		B149FD3625ACF33600C79FAC /* Frameworks */ = {
			isa = PBXFrameworksBuildPhase;
			buildActionMask = 2147483647;
			files = (
			);
			runOnlyForDeploymentPostprocessing = 0;
		};
/* End PBXFrameworksBuildPhase section */

/* Begin PBXGroup section */
		B149FD3025ACF33600C79FAC = {
			isa = PBXGroup;
			children = (
				B149FD3B25ACF33600C79FAC /* Memorize */,
				B149FD3A25ACF33600C79FAC /* Products */,
			);
			sourceTree = "<group>";
		};
		B149FD3A25ACF33600C79FAC /* Products */ = {
			isa = PBXGroup;
			children = (
				B149FD3925ACF33600C79FAC /* Memorize.app */,
			);
			name = Products;
			sourceTree = "<group>";
		};
		B149FD3B25ACF33600C79FAC /* Memorize */ = {
			isa = PBXGroup;
			children = (
				B14AC89925B4B13B00C3B9D9 /* GridLayout.swift */,
				B149FD3C25ACF33600C79FAC /* MemorizeApp.swift */,
				B149FD3E25ACF33600C79FAC /* EmojiMemoryGameView.swift */,
				B1F1B26D25AE18B900B77CF4 /* EmojiMemoryGame.swift */,
				B1F1B26A25AE172900B77CF4 /* MemoryGame.swift */,
				B149FD4025ACF33C00C79FAC /* Assets.xcassets */,
				B149FD4525ACF33C00C79FAC /* Info.plist */,
				B149FD4225ACF33C00C79FAC /* Preview Content */,
				B14AC89625B4ABA600C3B9D9 /* Grid.swift */,
				B14AC89C25B4B5F700C3B9D9 /* Array+Identifiable.swift */,
				B14AC89F25B4C5E000C3B9D9 /* Array+Only.swift */,
			);
			path = Memorize;
			sourceTree = "<group>";
		};
		B149FD4225ACF33C00C79FAC /* Preview Content */ = {
			isa = PBXGroup;
			children = (
				B149FD4325ACF33C00C79FAC /* Preview Assets.xcassets */,
			);
			path = "Preview Content";
			sourceTree = "<group>";
		};
/* End PBXGroup section */

/* Begin PBXNativeTarget section */
		B149FD3825ACF33600C79FAC /* Memorize */ = {
			isa = PBXNativeTarget;
			buildConfigurationList = B149FD4825ACF33C00C79FAC /* Build configuration list for PBXNativeTarget "Memorize" */;
			buildPhases = (
				B149FD3525ACF33600C79FAC /* Sources */,
				B149FD3625ACF33600C79FAC /* Frameworks */,
				B149FD3725ACF33600C79FAC /* Resources */,
			);
			buildRules = (
			);
			dependencies = (
			);
			name = Memorize;
			productName = Memorize;
			productReference = B149FD3925ACF33600C79FAC /* Memorize.app */;
			productType = "com.apple.product-type.application";
		};
/* End PBXNativeTarget section */

/* Begin PBXProject section */
		B149FD3125ACF33600C79FAC /* Project object */ = {
			isa = PBXProject;
			attributes = {
				LastSwiftUpdateCheck = 1230;
				LastUpgradeCheck = 1230;
				TargetAttributes = {
					B149FD3825ACF33600C79FAC = {
						CreatedOnToolsVersion = 12.3;
					};
				};
			};
			buildConfigurationList = B149FD3425ACF33600C79FAC /* Build configuration list for PBXProject "Memorize" */;
			compatibilityVersion = "Xcode 9.3";
			developmentRegion = en;
			hasScannedForEncodings = 0;
			knownRegions = (
				en,
				Base,
			);
			mainGroup = B149FD3025ACF33600C79FAC;
			productRefGroup = B149FD3A25ACF33600C79FAC /* Products */;
			projectDirPath = "";
			projectRoot = "";
			targets = (
				B149FD3825ACF33600C79FAC /* Memorize */,
			);
		};
/* End PBXProject section */

/* Begin PBXResourcesBuildPhase section */
		B149FD3725ACF33600C79FAC /* Resources */ = {
			isa = PBXResourcesBuildPhase;
			buildActionMask = 2147483647;
			files = (
				B149FD4425ACF33C00C79FAC /* Preview Assets.xcassets in Resources */,
				B149FD4125ACF33C00C79FAC /* Assets.xcassets in Resources */,
			);
			runOnlyForDeploymentPostprocessing = 0;
		};
/* End PBXResourcesBuildPhase section */

/* Begin PBXSourcesBuildPhase section */
		B149FD3525ACF33600C79FAC /* Sources */ = {
			isa = PBXSourcesBuildPhase;
			buildActionMask = 2147483647;
			files = (
				B1F1B26B25AE172900B77CF4 /* MemoryGame.swift in Sources */,
				B149FD3F25ACF33600C79FAC /* EmojiMemoryGameView.swift in Sources */,
				B149FD3D25ACF33600C79FAC /* MemorizeApp.swift in Sources */,
				B14AC89A25B4B13B00C3B9D9 /* GridLayout.swift in Sources */,
				B14AC89725B4ABA700C3B9D9 /* Grid.swift in Sources */,
				B14AC89D25B4B5F700C3B9D9 /* Array+Identifiable.swift in Sources */,
				B1F1B26E25AE18B900B77CF4 /* EmojiMemoryGame.swift in Sources */,
				B14AC8A025B4C5E000C3B9D9 /* Array+Only.swift in Sources */,
			);
			runOnlyForDeploymentPostprocessing = 0;
		};
/* End PBXSourcesBuildPhase section */

/* Begin XCBuildConfiguration section */
		B149FD4625ACF33C00C79FAC /* Debug */ = {
			isa = XCBuildConfiguration;
			buildSettings = {
				ALWAYS_SEARCH_USER_PATHS = NO;
				CLANG_ANALYZER_NONNULL = YES;
				CLANG_ANALYZER_NUMBER_OBJECT_CONVERSION = YES_AGGRESSIVE;
				CLANG_CXX_LANGUAGE_STANDARD = "gnu++14";
				CLANG_CXX_LIBRARY = "libc++";
				CLANG_ENABLE_MODULES = YES;
				CLANG_ENABLE_OBJC_ARC = YES;
				CLANG_ENABLE_OBJC_WEAK = YES;
				CLANG_WARN_BLOCK_CAPTURE_AUTORELEASING = YES;
				CLANG_WARN_BOOL_CONVERSION = YES;
				CLANG_WARN_COMMA = YES;
				CLANG_WARN_CONSTANT_CONVERSION = YES;
				CLANG_WARN_DEPRECATED_OBJC_IMPLEMENTATIONS = YES;
				CLANG_WARN_DIRECT_OBJC_ISA_USAGE = YES_ERROR;
				CLANG_WARN_DOCUMENTATION_COMMENTS = YES;
				CLANG_WARN_EMPTY_BODY = YES;
				CLANG_WARN_ENUM_CONVERSION = YES;
				CLANG_WARN_INFINITE_RECURSION = YES;
				CLANG_WARN_INT_CONVERSION = YES;
				CLANG_WARN_NON_LITERAL_NULL_CONVERSION = YES;
				CLANG_WARN_OBJC_IMPLICIT_RETAIN_SELF = YES;
				CLANG_WARN_OBJC_LITERAL_CONVERSION = YES;
				CLANG_WARN_OBJC_ROOT_CLASS = YES_ERROR;
				CLANG_WARN_QUOTED_INCLUDE_IN_FRAMEWORK_HEADER = YES;
				CLANG_WARN_RANGE_LOOP_ANALYSIS = YES;
				CLANG_WARN_STRICT_PROTOTYPES = YES;
				CLANG_WARN_SUSPICIOUS_MOVE = YES;
				CLANG_WARN_UNGUARDED_AVAILABILITY = YES_AGGRESSIVE;
				CLANG_WARN_UNREACHABLE_CODE = YES;
				CLANG_WARN__DUPLICATE_METHOD_MATCH = YES;
				COPY_PHASE_STRIP = NO;
				DEBUG_INFORMATION_FORMAT = dwarf;
				ENABLE_STRICT_OBJC_MSGSEND = YES;
				ENABLE_TESTABILITY = YES;
				GCC_C_LANGUAGE_STANDARD = gnu11;
				GCC_DYNAMIC_NO_PIC = NO;
				GCC_NO_COMMON_BLOCKS = YES;
				GCC_OPTIMIZATION_LEVEL = 0;
				GCC_PREPROCESSOR_DEFINITIONS = (
					"DEBUG=1",
					"$(inherited)",
				);
				GCC_WARN_64_TO_32_BIT_CONVERSION = YES;
				GCC_WARN_ABOUT_RETURN_TYPE = YES_ERROR;
				GCC_WARN_UNDECLARED_SELECTOR = YES;
				GCC_WARN_UNINITIALIZED_AUTOS = YES_AGGRESSIVE;
				GCC_WARN_UNUSED_FUNCTION = YES;
				GCC_WARN_UNUSED_VARIABLE = YES;
				IPHONEOS_DEPLOYMENT_TARGET = 14.3;
				MTL_ENABLE_DEBUG_INFO = INCLUDE_SOURCE;
				MTL_FAST_MATH = YES;
				ONLY_ACTIVE_ARCH = YES;
				SDKROOT = iphoneos;
				SWIFT_ACTIVE_COMPILATION_CONDITIONS = DEBUG;
				SWIFT_OPTIMIZATION_LEVEL = "-Onone";
			};
			name = Debug;
		};
		B149FD4725ACF33C00C79FAC /* Release */ = {
			isa = XCBuildConfiguration;
			buildSettings = {
				ALWAYS_SEARCH_USER_PATHS = NO;
				CLANG_ANALYZER_NONNULL = YES;
				CLANG_ANALYZER_NUMBER_OBJECT_CONVERSION = YES_AGGRESSIVE;
				CLANG_CXX_LANGUAGE_STANDARD = "gnu++14";
				CLANG_CXX_LIBRARY = "libc++";
				CLANG_ENABLE_MODULES = YES;
				CLANG_ENABLE_OBJC_ARC = YES;
				CLANG_ENABLE_OBJC_WEAK = YES;
				CLANG_WARN_BLOCK_CAPTURE_AUTORELEASING = YES;
				CLANG_WARN_BOOL_CONVERSION = YES;
				CLANG_WARN_COMMA = YES;
				CLANG_WARN_CONSTANT_CONVERSION = YES;
				CLANG_WARN_DEPRECATED_OBJC_IMPLEMENTATIONS = YES;
				CLANG_WARN_DIRECT_OBJC_ISA_USAGE = YES_ERROR;
				CLANG_WARN_DOCUMENTATION_COMMENTS = YES;
				CLANG_WARN_EMPTY_BODY = YES;
				CLANG_WARN_ENUM_CONVERSION = YES;
				CLANG_WARN_INFINITE_RECURSION = YES;
				CLANG_WARN_INT_CONVERSION = YES;
				CLANG_WARN_NON_LITERAL_NULL_CONVERSION = YES;
				CLANG_WARN_OBJC_IMPLICIT_RETAIN_SELF = YES;
				CLANG_WARN_OBJC_LITERAL_CONVERSION = YES;
				CLANG_WARN_OBJC_ROOT_CLASS = YES_ERROR;
				CLANG_WARN_QUOTED_INCLUDE_IN_FRAMEWORK_HEADER = YES;
				CLANG_WARN_RANGE_LOOP_ANALYSIS = YES;
				CLANG_WARN_STRICT_PROTOTYPES = YES;
				CLANG_WARN_SUSPICIOUS_MOVE = YES;
				CLANG_WARN_UNGUARDED_AVAILABILITY = YES_AGGRESSIVE;
				CLANG_WARN_UNREACHABLE_CODE = YES;
				CLANG_WARN__DUPLICATE_METHOD_MATCH = YES;
				COPY_PHASE_STRIP = NO;
				DEBUG_INFORMATION_FORMAT = "dwarf-with-dsym";
				ENABLE_NS_ASSERTIONS = NO;
				ENABLE_STRICT_OBJC_MSGSEND = YES;
				GCC_C_LANGUAGE_STANDARD = gnu11;
				GCC_NO_COMMON_BLOCKS = YES;
				GCC_WARN_64_TO_32_BIT_CONVERSION = YES;
				GCC_WARN_ABOUT_RETURN_TYPE = YES_ERROR;
				GCC_WARN_UNDECLARED_SELECTOR = YES;
				GCC_WARN_UNINITIALIZED_AUTOS = YES_AGGRESSIVE;
				GCC_WARN_UNUSED_FUNCTION = YES;
				GCC_WARN_UNUSED_VARIABLE = YES;
				IPHONEOS_DEPLOYMENT_TARGET = 14.3;
				MTL_ENABLE_DEBUG_INFO = NO;
				MTL_FAST_MATH = YES;
				SDKROOT = iphoneos;
				SWIFT_COMPILATION_MODE = wholemodule;
				SWIFT_OPTIMIZATION_LEVEL = "-O";
				VALIDATE_PRODUCT = YES;
			};
			name = Release;
		};
		B149FD4925ACF33C00C79FAC /* Debug */ = {
			isa = XCBuildConfiguration;
			buildSettings = {
				ASSETCATALOG_COMPILER_APPICON_NAME = AppIcon;
				ASSETCATALOG_COMPILER_GLOBAL_ACCENT_COLOR_NAME = AccentColor;
				CODE_SIGN_STYLE = Automatic;
				DEVELOPMENT_ASSET_PATHS = "\"Memorize/Preview Content\"";
				ENABLE_PREVIEWS = YES;
				INFOPLIST_FILE = Memorize/Info.plist;
				IPHONEOS_DEPLOYMENT_TARGET = 14.0;
				LD_RUNPATH_SEARCH_PATHS = (
					"$(inherited)",
					"@executable_path/Frameworks",
				);
				PRODUCT_BUNDLE_IDENTIFIER = de.mandal.banashri.Memorize;
				PRODUCT_NAME = "$(TARGET_NAME)";
				SWIFT_VERSION = 5.0;
				TARGETED_DEVICE_FAMILY = "1,2";
			};
			name = Debug;
		};
		B149FD4A25ACF33C00C79FAC /* Release */ = {
			isa = XCBuildConfiguration;
			buildSettings = {
				ASSETCATALOG_COMPILER_APPICON_NAME = AppIcon;
				ASSETCATALOG_COMPILER_GLOBAL_ACCENT_COLOR_NAME = AccentColor;
				CODE_SIGN_STYLE = Automatic;
				DEVELOPMENT_ASSET_PATHS = "\"Memorize/Preview Content\"";
				ENABLE_PREVIEWS = YES;
				INFOPLIST_FILE = Memorize/Info.plist;
				IPHONEOS_DEPLOYMENT_TARGET = 14.0;
				LD_RUNPATH_SEARCH_PATHS = (
					"$(inherited)",
					"@executable_path/Frameworks",
				);
				PRODUCT_BUNDLE_IDENTIFIER = de.mandal.banashri.Memorize;
				PRODUCT_NAME = "$(TARGET_NAME)";
				SWIFT_VERSION = 5.0;
				TARGETED_DEVICE_FAMILY = "1,2";
			};
			name = Release;
		};
/* End XCBuildConfiguration section */

/* Begin XCConfigurationList section */
		B149FD3425ACF33600C79FAC /* Build configuration list for PBXProject "Memorize" */ = {
			isa = XCConfigurationList;
			buildConfigurations = (
				B149FD4625ACF33C00C79FAC /* Debug */,
				B149FD4725ACF33C00C79FAC /* Release */,
			);
			defaultConfigurationIsVisible = 0;
			defaultConfigurationName = Release;
		};
		B149FD4825ACF33C00C79FAC /* Build configuration list for PBXNativeTarget "Memorize" */ = {
			isa = XCConfigurationList;
			buildConfigurations = (
				B149FD4925ACF33C00C79FAC /* Debug */,
				B149FD4A25ACF33C00C79FAC /* Release */,
			);
			defaultConfigurationIsVisible = 0;
			defaultConfigurationName = Release;
		};
/* End XCConfigurationList section */
	};
	rootObject = B149FD3125ACF33600C79FAC /* Project object */;
}
